
Microsoft Visual Studio Solution File, Format Version 12.00
# Visual Studio Version 17
VisualStudioVersion = 17.6.33723.286
MinimumVisualStudioVersion = 10.0.40219.1
Project("{FAE04EC0-301F-11D3-BF4B-00C04F79EFBC}") = "Person-CFP-D2", "Person-CFP-D2\Person-CFP-D2.csproj", "{2581A000-ED64-4C5C-A27D-FEE47EA652B9}"
EndProject
Global
	GlobalSection(SolutionConfigurationPlatforms) = preSolution
		Debug|Any CPU = Debug|Any CPU
		Release|Any CPU = Release|Any CPU
	EndGlobalSection
	GlobalSection(ProjectConfigurationPlatforms) = postSolution
		{2581A000-ED64-4C5C-A27D-FEE47EA652B9}.Debug|Any CPU.ActiveCfg = Debug|Any CPU
		{2581A000-ED64-4C5C-A27D-FEE47EA652B9}.Debug|Any CPU.Build.0 = Debug|Any CPU
		{2581A000-ED64-4C5C-A27D-FEE47EA652B9}.Release|Any CPU.ActiveCfg = Release|Any CPU
		{2581A000-ED64-4C5C-A27D-FEE47EA652B9}.Release|Any CPU.Build.0 = Release|Any CPU
	EndGlobalSection
	GlobalSection(SolutionProperties) = preSolution
		HideSolutionNode = FALSE
	EndGlobalSection
	GlobalSection(ExtensibilityGlobals) = postSolution
		SolutionGuid = {70D2C734-8B15-49ED-A425-F949E204070E}
	EndGlobalSection
EndGlobal
